// !$*UTF8*$!
{
	archiveVersion = 1;
	classes = {
	};
	objectVersion = 50;
	objects = {

/* Begin PBXBuildFile section */
		0A3AE8F6247AD3A7000509CE /* AppDelegate.swift in Sources */ = {isa = PBXBuildFile; fileRef = 0A3AE8F5247AD3A7000509CE /* AppDelegate.swift */; };
		0A3AE8F8247AD3A7000509CE /* SceneDelegate.swift in Sources */ = {isa = PBXBuildFile; fileRef = 0A3AE8F7247AD3A7000509CE /* SceneDelegate.swift */; };
		0A3AE8FA247AD3A7000509CE /* ViewController.swift in Sources */ = {isa = PBXBuildFile; fileRef = 0A3AE8F9247AD3A7000509CE /* ViewController.swift */; };
		0A3AE8FD247AD3A7000509CE /* Main.storyboard in Resources */ = {isa = PBXBuildFile; fileRef = 0A3AE8FB247AD3A7000509CE /* Main.storyboard */; };
		0A3AE8FF247AD3A8000509CE /* Assets.xcassets in Resources */ = {isa = PBXBuildFile; fileRef = 0A3AE8FE247AD3A8000509CE /* Assets.xcassets */; };
		0A3AE902247AD3A8000509CE /* LaunchScreen.storyboard in Resources */ = {isa = PBXBuildFile; fileRef = 0A3AE900247AD3A8000509CE /* LaunchScreen.storyboard */; };
/* End PBXBuildFile section */

/* Begin PBXFileReference section */
		0A3AE8F2247AD3A7000509CE /* SoiMLike.app */ = {isa = PBXFileReference; explicitFileType = wrapper.application; includeInIndex = 0; path = SoiMLike.app; sourceTree = BUILT_PRODUCTS_DIR; };
		0A3AE8F5247AD3A7000509CE /* AppDelegate.swift */ = {isa = PBXFileReference; lastKnownFileType = sourcecode.swift; path = AppDelegate.swift; sourceTree = "<group>"; };
		0A3AE8F7247AD3A7000509CE /* SceneDelegate.swift */ = {isa = PBXFileReference; lastKnownFileType = sourcecode.swift; path = SceneDelegate.swift; sourceTree = "<group>"; };
		0A3AE8F9247AD3A7000509CE /* ViewController.swift */ = {isa = PBXFileReference; lastKnownFileType = sourcecode.swift; path = ViewController.swift; sourceTree = "<group>"; };
		0A3AE8FC247AD3A7000509CE /* Base */ = {isa = PBXFileReference; lastKnownFileType = file.storyboard; name = Base; path = Base.lproj/Main.storyboard; sourceTree = "<group>"; };
		0A3AE8FE247AD3A8000509CE /* Assets.xcassets */ = {isa = PBXFileReference; lastKnownFileType = folder.assetcatalog; path = Assets.xcassets; sourceTree = "<group>"; };
		0A3AE901247AD3A8000509CE /* Base */ = {isa = PBXFileReference; lastKnownFileType = file.storyboard; name = Base; path = Base.lproj/LaunchScreen.storyboard; sourceTree = "<group>"; };
		0A3AE903247AD3A8000509CE /* Info.plist */ = {isa = PBXFileReference; lastKnownFileType = text.plist.xml; path = Info.plist; sourceTree = "<group>"; };
/* End PBXFileReference section */

/* Begin PBXFrameworksBuildPhase section */
		0A3AE8EF247AD3A7000509CE /* Frameworks */ = {
			isa = PBXFrameworksBuildPhase;
			buildActionMask = 2147483647;
			files = (
			);
			runOnlyForDeploymentPostprocessing = 0;
		};
/* End PBXFrameworksBuildPhase section */

/* Begin PBXGroup section */
		0A3AE8E9247AD3A7000509CE = {
			isa = PBXGroup;
			children = (
				0A3AE8F4247AD3A7000509CE /* SoiMLike */,
				0A3AE8F3247AD3A7000509CE /* Products */,
			);
			sourceTree = "<group>";
		};
		0A3AE8F3247AD3A7000509CE /* Products */ = {
			isa = PBXGroup;
			children = (
				0A3AE8F2247AD3A7000509CE /* SoiMLike.app */,
			);
			name = Products;
			sourceTree = "<group>";
		};
		0A3AE8F4247AD3A7000509CE /* SoiMLike */ = {
			isa = PBXGroup;
			children = (
				0A3AE8F5247AD3A7000509CE /* AppDelegate.swift */,
				0A3AE8F7247AD3A7000509CE /* SceneDelegate.swift */,
				0A3AE8F9247AD3A7000509CE /* ViewController.swift */,
				0A3AE8FB247AD3A7000509CE /* Main.storyboard */,
				0A3AE8FE247AD3A8000509CE /* Assets.xcassets */,
				0A3AE900247AD3A8000509CE /* LaunchScreen.storyboard */,
				0A3AE903247AD3A8000509CE /* Info.plist */,
			);
			path = SoiMLike;
			sourceTree = "<group>";
		};
/* End PBXGroup section */

/* Begin PBXNativeTarget section */
		0A3AE8F1247AD3A7000509CE /* SoiMLike */ = {
			isa = PBXNativeTarget;
			buildConfigurationList = 0A3AE906247AD3A8000509CE /* Build configuration list for PBXNativeTarget "SoiMLike" */;
			buildPhases = (
				0A3AE8EE247AD3A7000509CE /* Sources */,
				0A3AE8EF247AD3A7000509CE /* Frameworks */,
				0A3AE8F0247AD3A7000509CE /* Resources */,
			);
			buildRules = (
			);
			dependencies = (
			);
			name = SoiMLike;
			productName = SoiMLike;
			productReference = 0A3AE8F2247AD3A7000509CE /* SoiMLike.app */;
			productType = "com.apple.product-type.application";
		};
/* End PBXNativeTarget section */

/* Begin PBXProject section */
		0A3AE8EA247AD3A7000509CE /* Project object */ = {
			isa = PBXProject;
			attributes = {
				LastSwiftUpdateCheck = 1150;
				LastUpgradeCheck = 1150;
				ORGANIZATIONNAME = "Guodong Miao";
				TargetAttributes = {
					0A3AE8F1247AD3A7000509CE = {
						CreatedOnToolsVersion = 11.5;
					};
				};
			};
			buildConfigurationList = 0A3AE8ED247AD3A7000509CE /* Build configuration list for PBXProject "SoiMLike" */;
			compatibilityVersion = "Xcode 9.3";
			developmentRegion = en;
			hasScannedForEncodings = 0;
			knownRegions = (
				en,
				Base,
			);
			mainGroup = 0A3AE8E9247AD3A7000509CE;
			productRefGroup = 0A3AE8F3247AD3A7000509CE /* Products */;
			projectDirPath = "";
			projectRoot = "";
			targets = (
				0A3AE8F1247AD3A7000509CE /* SoiMLike */,
			);
		};
/* End PBXProject section */

/* Begin PBXResourcesBuildPhase section */
		0A3AE8F0247AD3A7000509CE /* Resources */ = {
			isa = PBXResourcesBuildPhase;
			buildActionMask = 2147483647;
			files = (
				0A3AE902247AD3A8000509CE /* LaunchScreen.storyboard in Resources */,
				0A3AE8FF247AD3A8000509CE /* Assets.xcassets in Resources */,
				0A3AE8FD247AD3A7000509CE /* Main.storyboard in Resources */,
			);
			runOnlyForDeploymentPostprocessing = 0;
		};
/* End PBXResourcesBuildPhase section */

/* Begin PBXSourcesBuildPhase section */
		0A3AE8EE247AD3A7000509CE /* Sources */ = {
			isa = PBXSourcesBuildPhase;
			buildActionMask = 2147483647;
			files = (
				0A3AE8FA247AD3A7000509CE /* ViewController.swift in Sources */,
				0A3AE8F6247AD3A7000509CE /* AppDelegate.swift in Sources */,
				0A3AE8F8247AD3A7000509CE /* SceneDelegate.swift in Sources */,
			);
			runOnlyForDeploymentPostprocessing = 0;
		};
/* End PBXSourcesBuildPhase section */

/* Begin PBXVariantGroup section */
		0A3AE8FB247AD3A7000509CE /* Main.storyboard */ = {
			isa = PBXVariantGroup;
			children = (
				0A3AE8FC247AD3A7000509CE /* Base */,
			);
			name = Main.storyboard;
			sourceTree = "<group>";
		};
		0A3AE900247AD3A8000509CE /* LaunchScreen.storyboard */ = {
			isa = PBXVariantGroup;
			children = (
				0A3AE901247AD3A8000509CE /* Base */,
			);
			name = LaunchScreen.storyboard;
			sourceTree = "<group>";
		};
/* End PBXVariantGroup section */

/* Begin XCBuildConfiguration section */
		0A3AE904247AD3A8000509CE /* Debug */ = {
			isa = XCBuildConfiguration;
			buildSettings = {
				ALWAYS_SEARCH_USER_PATHS = NO;
				CLANG_ANALYZER_NONNULL = YES;
				CLANG_ANALYZER_NUMBER_OBJECT_CONVERSION = YES_AGGRESSIVE;
				CLANG_CXX_LANGUAGE_STANDARD = "gnu++14";
				CLANG_CXX_LIBRARY = "libc++";
				CLANG_ENABLE_MODULES = YES;
				CLANG_ENABLE_OBJC_ARC = YES;
				CLANG_ENABLE_OBJC_WEAK = YES;
				CLANG_WARN_BLOCK_CAPTURE_AUTORELEASING = YES;
				CLANG_WARN_BOOL_CONVERSION = YES;
				CLANG_WARN_COMMA = YES;
				CLANG_WARN_CONSTANT_CONVERSION = YES;
				CLANG_WARN_DEPRECATED_OBJC_IMPLEMENTATIONS = YES;
				CLANG_WARN_DIRECT_OBJC_ISA_USAGE = YES_ERROR;
				CLANG_WARN_DOCUMENTATION_COMMENTS = YES;
				CLANG_WARN_EMPTY_BODY = YES;
				CLANG_WARN_ENUM_CONVERSION = YES;
				CLANG_WARN_INFINITE_RECURSION = YES;
				CLANG_WARN_INT_CONVERSION = YES;
				CLANG_WARN_NON_LITERAL_NULL_CONVERSION = YES;
				CLANG_WARN_OBJC_IMPLICIT_RETAIN_SELF = YES;
				CLANG_WARN_OBJC_LITERAL_CONVERSION = YES;
				CLANG_WARN_OBJC_ROOT_CLASS = YES_ERROR;
				CLANG_WARN_RANGE_LOOP_ANALYSIS = YES;
				CLANG_WARN_STRICT_PROTOTYPES = YES;
				CLANG_WARN_SUSPICIOUS_MOVE = YES;
				CLANG_WARN_UNGUARDED_AVAILABILITY = YES_AGGRESSIVE;
				CLANG_WARN_UNREACHABLE_CODE = YES;
				CLANG_WARN__DUPLICATE_METHOD_MATCH = YES;
				COPY_PHASE_STRIP = NO;
				DEBUG_INFORMATION_FORMAT = dwarf;
				ENABLE_STRICT_OBJC_MSGSEND = YES;
				ENABLE_TESTABILITY = YES;
				GCC_C_LANGUAGE_STANDARD = gnu11;
				GCC_DYNAMIC_NO_PIC = NO;
				GCC_NO_COMMON_BLOCKS = YES;
				GCC_OPTIMIZATION_LEVEL = 0;
				GCC_PREPROCESSOR_DEFINITIONS = (
					"DEBUG=1",
					"$(inherited)",
				);
				GCC_WARN_64_TO_32_BIT_CONVERSION = YES;
				GCC_WARN_ABOUT_RETURN_TYPE = YES_ERROR;
				GCC_WARN_UNDECLARED_SELECTOR = YES;
				GCC_WARN_UNINITIALIZED_AUTOS = YES_AGGRESSIVE;
				GCC_WARN_UNUSED_FUNCTION = YES;
				GCC_WARN_UNUSED_VARIABLE = YES;
				IPHONEOS_DEPLOYMENT_TARGET = 13.5;
				MTL_ENABLE_DEBUG_INFO = INCLUDE_SOURCE;
				MTL_FAST_MATH = YES;
				ONLY_ACTIVE_ARCH = YES;
				SDKROOT = iphoneos;
				SWIFT_ACTIVE_COMPILATION_CONDITIONS = DEBUG;
				SWIFT_OPTIMIZATION_LEVEL = "-Onone";
			};
			name = Debug;
		};
		0A3AE905247AD3A8000509CE /* Release */ = {
			isa = XCBuildConfiguration;
			buildSettings = {
				ALWAYS_SEARCH_USER_PATHS = NO;
				CLANG_ANALYZER_NONNULL = YES;
				CLANG_ANALYZER_NUMBER_OBJECT_CONVERSION = YES_AGGRESSIVE;
				CLANG_CXX_LANGUAGE_STANDARD = "gnu++14";
				CLANG_CXX_LIBRARY = "libc++";
				CLANG_ENABLE_MODULES = YES;
				CLANG_ENABLE_OBJC_ARC = YES;
				CLANG_ENABLE_OBJC_WEAK = YES;
				CLANG_WARN_BLOCK_CAPTURE_AUTORELEASING = YES;
				CLANG_WARN_BOOL_CONVERSION = YES;
				CLANG_WARN_COMMA = YES;
				CLANG_WARN_CONSTANT_CONVERSION = YES;
				CLANG_WARN_DEPRECATED_OBJC_IMPLEMENTATIONS = YES;
				CLANG_WARN_DIRECT_OBJC_ISA_USAGE = YES_ERROR;
				CLANG_WARN_DOCUMENTATION_COMMENTS = YES;
				CLANG_WARN_EMPTY_BODY = YES;
				CLANG_WARN_ENUM_CONVERSION = YES;
				CLANG_WARN_INFINITE_RECURSION = YES;
				CLANG_WARN_INT_CONVERSION = YES;
				CLANG_WARN_NON_LITERAL_NULL_CONVERSION = YES;
				CLANG_WARN_OBJC_IMPLICIT_RETAIN_SELF = YES;
				CLANG_WARN_OBJC_LITERAL_CONVERSION = YES;
				CLANG_WARN_OBJC_ROOT_CLASS = YES_ERROR;
				CLANG_WARN_RANGE_LOOP_ANALYSIS = YES;
				CLANG_WARN_STRICT_PROTOTYPES = YES;
				CLANG_WARN_SUSPICIOUS_MOVE = YES;
				CLANG_WARN_UNGUARDED_AVAILABILITY = YES_AGGRESSIVE;
				CLANG_WARN_UNREACHABLE_CODE = YES;
				CLANG_WARN__DUPLICATE_METHOD_MATCH = YES;
				COPY_PHASE_STRIP = NO;
				DEBUG_INFORMATION_FORMAT = "dwarf-with-dsym";
				ENABLE_NS_ASSERTIONS = NO;
				ENABLE_STRICT_OBJC_MSGSEND = YES;
				GCC_C_LANGUAGE_STANDARD = gnu11;
				GCC_NO_COMMON_BLOCKS = YES;
				GCC_WARN_64_TO_32_BIT_CONVERSION = YES;
				GCC_WARN_ABOUT_RETURN_TYPE = YES_ERROR;
				GCC_WARN_UNDECLARED_SELECTOR = YES;
				GCC_WARN_UNINITIALIZED_AUTOS = YES_AGGRESSIVE;
				GCC_WARN_UNUSED_FUNCTION = YES;
				GCC_WARN_UNUSED_VARIABLE = YES;
				IPHONEOS_DEPLOYMENT_TARGET = 13.5;
				MTL_ENABLE_DEBUG_INFO = NO;
				MTL_FAST_MATH = YES;
				SDKROOT = iphoneos;
				SWIFT_COMPILATION_MODE = wholemodule;
				SWIFT_OPTIMIZATION_LEVEL = "-O";
				VALIDATE_PRODUCT = YES;
			};
			name = Release;
		};
		0A3AE907247AD3A8000509CE /* Debug */ = {
			isa = XCBuildConfiguration;
			buildSettings = {
				ASSETCATALOG_COMPILER_APPICON_NAME = AppIcon;
				CODE_SIGN_STYLE = Automatic;
				INFOPLIST_FILE = SoiMLike/Info.plist;
				LD_RUNPATH_SEARCH_PATHS = (
					"$(inherited)",
					"@executable_path/Frameworks",
				);
				PRODUCT_BUNDLE_IDENTIFIER = Miao.SoiMLike;
				PRODUCT_NAME = "$(TARGET_NAME)";
				SWIFT_VERSION = 5.0;
				TARGETED_DEVICE_FAMILY = "1,2";
			};
			name = Debug;
		};
		0A3AE908247AD3A8000509CE /* Release */ = {
			isa = XCBuildConfiguration;
			buildSettings = {
				ASSETCATALOG_COMPILER_APPICON_NAME = AppIcon;
				CODE_SIGN_STYLE = Automatic;
				INFOPLIST_FILE = SoiMLike/Info.plist;
				LD_RUNPATH_SEARCH_PATHS = (
					"$(inherited)",
					"@executable_path/Frameworks",
				);
				PRODUCT_BUNDLE_IDENTIFIER = Miao.SoiMLike;
				PRODUCT_NAME = "$(TARGET_NAME)";
				SWIFT_VERSION = 5.0;
				TARGETED_DEVICE_FAMILY = "1,2";
			};
			name = Release;
		};
/* End XCBuildConfiguration section */

/* Begin XCConfigurationList section */
		0A3AE8ED247AD3A7000509CE /* Build configuration list for PBXProject "SoiMLike" */ = {
			isa = XCConfigurationList;
			buildConfigurations = (
				0A3AE904247AD3A8000509CE /* Debug */,
				0A3AE905247AD3A8000509CE /* Release */,
			);
			defaultConfigurationIsVisible = 0;
			defaultConfigurationName = Release;
		};
		0A3AE906247AD3A8000509CE /* Build configuration list for PBXNativeTarget "SoiMLike" */ = {
			isa = XCConfigurationList;
			buildConfigurations = (
				0A3AE907247AD3A8000509CE /* Debug */,
				0A3AE908247AD3A8000509CE /* Release */,
			);
			defaultConfigurationIsVisible = 0;
			defaultConfigurationName = Release;
		};
/* End XCConfigurationList section */
	};
	rootObject = 0A3AE8EA247AD3A7000509CE /* Project object */;
}
